
Microsoft Visual Studio Solution File, Format Version 12.00
# Visual Studio Version 16
VisualStudioVersion = 16.0.31613.86
MinimumVisualStudioVersion = 10.0.40219.1
Project("{FAE04EC0-301F-11D3-BF4B-00C04F79EFBC}") = "Sp_medical_group_webAPI", "Sp_medical_group_webAPI\Sp_medical_group_webAPI.csproj", "{897AB2F6-EA9A-4B08-B9A0-9930B36067A0}"
EndProject
Global
	GlobalSection(SolutionConfigurationPlatforms) = preSolution
		Debug|Any CPU = Debug|Any CPU
		Release|Any CPU = Release|Any CPU
	EndGlobalSection
	GlobalSection(ProjectConfigurationPlatforms) = postSolution
		{897AB2F6-EA9A-4B08-B9A0-9930B36067A0}.Debug|Any CPU.ActiveCfg = Debug|Any CPU
		{897AB2F6-EA9A-4B08-B9A0-9930B36067A0}.Debug|Any CPU.Build.0 = Debug|Any CPU
		{897AB2F6-EA9A-4B08-B9A0-9930B36067A0}.Release|Any CPU.ActiveCfg = Release|Any CPU
		{897AB2F6-EA9A-4B08-B9A0-9930B36067A0}.Release|Any CPU.Build.0 = Release|Any CPU
	EndGlobalSection
	GlobalSection(SolutionProperties) = preSolution
		HideSolutionNode = FALSE
	EndGlobalSection
	GlobalSection(ExtensibilityGlobals) = postSolution
		SolutionGuid = {533AC70F-08A3-4F53-A01C-DA4BEFF04DAC}
	EndGlobalSection
EndGlobal
